// !$*UTF8*$!
{
	archiveVersion = 1;
	classes = {
	};
	objectVersion = 48;
	objects = {

/* Begin PBXBuildFile section */
		449A1CF29048EC1AA5773657 /* Pods_pokedex3.framework in Frameworks */ = {isa = PBXBuildFile; fileRef = 15D0B9CAABF793705CEF134A /* Pods_pokedex3.framework */; };
		E51E6D681F54AE90001BB43D /* PokeCell.swift in Sources */ = {isa = PBXBuildFile; fileRef = E51E6D671F54AE90001BB43D /* PokeCell.swift */; };
		E53E79CC1F630774003FB0E5 /* PokemonDetailVC.swift in Sources */ = {isa = PBXBuildFile; fileRef = E53E79CB1F630774003FB0E5 /* PokemonDetailVC.swift */; };
		E595E4FC1F509CDE00932A84 /* pokemon.csv in Resources */ = {isa = PBXBuildFile; fileRef = E595E4FB1F509CDE00932A84 /* pokemon.csv */; };
		E595E4FF1F509EBE00932A84 /* Pokemon.swift in Sources */ = {isa = PBXBuildFile; fileRef = E595E4FE1F509EBE00932A84 /* Pokemon.swift */; };
		E5EB0E9C1F5C8F2200B1E23D /* Main.storyboard in Resources */ = {isa = PBXBuildFile; fileRef = E5EB0E9A1F5C8CB700B1E23D /* Main.storyboard */; };
		E5F3D5FE1F5098900084D0D6 /* AppDelegate.swift in Sources */ = {isa = PBXBuildFile; fileRef = E5F3D5FD1F5098900084D0D6 /* AppDelegate.swift */; };
		E5F3D6001F5098900084D0D6 /* ViewController.swift in Sources */ = {isa = PBXBuildFile; fileRef = E5F3D5FF1F5098900084D0D6 /* ViewController.swift */; };
		E5F3D6051F5098900084D0D6 /* Assets.xcassets in Resources */ = {isa = PBXBuildFile; fileRef = E5F3D6041F5098900084D0D6 /* Assets.xcassets */; };
		E5F3D6081F5098900084D0D6 /* LaunchScreen.storyboard in Resources */ = {isa = PBXBuildFile; fileRef = E5F3D6061F5098900084D0D6 /* LaunchScreen.storyboard */; };
		E5F3D6131F5098900084D0D6 /* pokedex3Tests.swift in Sources */ = {isa = PBXBuildFile; fileRef = E5F3D6121F5098900084D0D6 /* pokedex3Tests.swift */; };
		E5F3D61E1F5098900084D0D6 /* pokedex3UITests.swift in Sources */ = {isa = PBXBuildFile; fileRef = E5F3D61D1F5098900084D0D6 /* pokedex3UITests.swift */; };
		E5FDC86C1F5C7B2300EDE082 /* music.mp3 in Resources */ = {isa = PBXBuildFile; fileRef = E5FDC86B1F5C7B2300EDE082 /* music.mp3 */; };
		E5FDC86E1F5C7B4700EDE082 /* music.png in Resources */ = {isa = PBXBuildFile; fileRef = E5FDC86D1F5C7B4700EDE082 /* music.png */; };
		E5FDC8731F5C7CAC00EDE082 /* pokemon.ttf in Resources */ = {isa = PBXBuildFile; fileRef = E5FDC8721F5C7CAC00EDE082 /* pokemon.ttf */; };
/* End PBXBuildFile section */

/* Begin PBXContainerItemProxy section */
		E5F3D60F1F5098900084D0D6 /* PBXContainerItemProxy */ = {
			isa = PBXContainerItemProxy;
			containerPortal = E5F3D5F21F5098900084D0D6 /* Project object */;
			proxyType = 1;
			remoteGlobalIDString = E5F3D5F91F5098900084D0D6;
			remoteInfo = pokedex3;
		};
		E5F3D61A1F5098900084D0D6 /* PBXContainerItemProxy */ = {
			isa = PBXContainerItemProxy;
			containerPortal = E5F3D5F21F5098900084D0D6 /* Project object */;
			proxyType = 1;
			remoteGlobalIDString = E5F3D5F91F5098900084D0D6;
			remoteInfo = pokedex3;
		};
/* End PBXContainerItemProxy section */

/* Begin PBXFileReference section */
		15D0B9CAABF793705CEF134A /* Pods_pokedex3.framework */ = {isa = PBXFileReference; explicitFileType = wrapper.framework; includeInIndex = 0; path = Pods_pokedex3.framework; sourceTree = BUILT_PRODUCTS_DIR; };
		C95EDA30B6A487FECF33D802 /* Pods-pokedex3.release.xcconfig */ = {isa = PBXFileReference; includeInIndex = 1; lastKnownFileType = text.xcconfig; name = "Pods-pokedex3.release.xcconfig"; path = "Pods/Target Support Files/Pods-pokedex3/Pods-pokedex3.release.xcconfig"; sourceTree = "<group>"; };
		CB635289152946ED75285961 /* Pods-pokedex3.debug.xcconfig */ = {isa = PBXFileReference; includeInIndex = 1; lastKnownFileType = text.xcconfig; name = "Pods-pokedex3.debug.xcconfig"; path = "Pods/Target Support Files/Pods-pokedex3/Pods-pokedex3.debug.xcconfig"; sourceTree = "<group>"; };
		E51E6D671F54AE90001BB43D /* PokeCell.swift */ = {isa = PBXFileReference; lastKnownFileType = sourcecode.swift; path = PokeCell.swift; sourceTree = "<group>"; };
		E53E79CB1F630774003FB0E5 /* PokemonDetailVC.swift */ = {isa = PBXFileReference; lastKnownFileType = sourcecode.swift; path = PokemonDetailVC.swift; sourceTree = "<group>"; };
		E595E4FB1F509CDE00932A84 /* pokemon.csv */ = {isa = PBXFileReference; fileEncoding = 4; lastKnownFileType = text; path = pokemon.csv; sourceTree = "<group>"; };
		E595E4FE1F509EBE00932A84 /* Pokemon.swift */ = {isa = PBXFileReference; lastKnownFileType = sourcecode.swift; path = Pokemon.swift; sourceTree = "<group>"; };
		E5EB0E9B1F5C8CB700B1E23D /* Base */ = {isa = PBXFileReference; lastKnownFileType = file.storyboard; name = Base; path = Base.lproj/Main.storyboard; sourceTree = "<group>"; };
		E5F3D5FA1F5098900084D0D6 /* pokedex3.app */ = {isa = PBXFileReference; explicitFileType = wrapper.application; includeInIndex = 0; path = pokedex3.app; sourceTree = BUILT_PRODUCTS_DIR; };
		E5F3D5FD1F5098900084D0D6 /* AppDelegate.swift */ = {isa = PBXFileReference; lastKnownFileType = sourcecode.swift; path = AppDelegate.swift; sourceTree = "<group>"; };
		E5F3D5FF1F5098900084D0D6 /* ViewController.swift */ = {isa = PBXFileReference; lastKnownFileType = sourcecode.swift; path = ViewController.swift; sourceTree = "<group>"; };
		E5F3D6041F5098900084D0D6 /* Assets.xcassets */ = {isa = PBXFileReference; lastKnownFileType = folder.assetcatalog; path = Assets.xcassets; sourceTree = "<group>"; };
		E5F3D6071F5098900084D0D6 /* Base */ = {isa = PBXFileReference; lastKnownFileType = file.storyboard; name = Base; path = Base.lproj/LaunchScreen.storyboard; sourceTree = "<group>"; };
		E5F3D6091F5098900084D0D6 /* Info.plist */ = {isa = PBXFileReference; lastKnownFileType = text.plist.xml; path = Info.plist; sourceTree = "<group>"; };
		E5F3D60E1F5098900084D0D6 /* pokedex3Tests.xctest */ = {isa = PBXFileReference; explicitFileType = wrapper.cfbundle; includeInIndex = 0; path = pokedex3Tests.xctest; sourceTree = BUILT_PRODUCTS_DIR; };
		E5F3D6121F5098900084D0D6 /* pokedex3Tests.swift */ = {isa = PBXFileReference; lastKnownFileType = sourcecode.swift; path = pokedex3Tests.swift; sourceTree = "<group>"; };
		E5F3D6141F5098900084D0D6 /* Info.plist */ = {isa = PBXFileReference; lastKnownFileType = text.plist.xml; path = Info.plist; sourceTree = "<group>"; };
		E5F3D6191F5098900084D0D6 /* pokedex3UITests.xctest */ = {isa = PBXFileReference; explicitFileType = wrapper.cfbundle; includeInIndex = 0; path = pokedex3UITests.xctest; sourceTree = BUILT_PRODUCTS_DIR; };
		E5F3D61D1F5098900084D0D6 /* pokedex3UITests.swift */ = {isa = PBXFileReference; lastKnownFileType = sourcecode.swift; path = pokedex3UITests.swift; sourceTree = "<group>"; };
		E5F3D61F1F5098900084D0D6 /* Info.plist */ = {isa = PBXFileReference; lastKnownFileType = text.plist.xml; path = Info.plist; sourceTree = "<group>"; };
		E5FDC86B1F5C7B2300EDE082 /* music.mp3 */ = {isa = PBXFileReference; lastKnownFileType = audio.mp3; path = music.mp3; sourceTree = "<group>"; };
		E5FDC86D1F5C7B4700EDE082 /* music.png */ = {isa = PBXFileReference; lastKnownFileType = image.png; path = music.png; sourceTree = "<group>"; };
		E5FDC8721F5C7CAC00EDE082 /* pokemon.ttf */ = {isa = PBXFileReference; lastKnownFileType = file; name = pokemon.ttf; path = ../../../pokemon.ttf; sourceTree = "<group>"; };
/* End PBXFileReference section */

/* Begin PBXFrameworksBuildPhase section */
		E5F3D5F71F5098900084D0D6 /* Frameworks */ = {
			isa = PBXFrameworksBuildPhase;
			buildActionMask = 2147483647;
			files = (
				449A1CF29048EC1AA5773657 /* Pods_pokedex3.framework in Frameworks */,
			);
			runOnlyForDeploymentPostprocessing = 0;
		};
		E5F3D60B1F5098900084D0D6 /* Frameworks */ = {
			isa = PBXFrameworksBuildPhase;
			buildActionMask = 2147483647;
			files = (
			);
			runOnlyForDeploymentPostprocessing = 0;
		};
		E5F3D6161F5098900084D0D6 /* Frameworks */ = {
			isa = PBXFrameworksBuildPhase;
			buildActionMask = 2147483647;
			files = (
			);
			runOnlyForDeploymentPostprocessing = 0;
		};
/* End PBXFrameworksBuildPhase section */

/* Begin PBXGroup section */
		D81E64C6F58347AFD6CCA236 /* Frameworks */ = {
			isa = PBXGroup;
			children = (
				15D0B9CAABF793705CEF134A /* Pods_pokedex3.framework */,
			);
			name = Frameworks;
			sourceTree = "<group>";
		};
		E09ECDC6EDC0A06ADCC36DA3 /* Pods */ = {
			isa = PBXGroup;
			children = (
				CB635289152946ED75285961 /* Pods-pokedex3.debug.xcconfig */,
				C95EDA30B6A487FECF33D802 /* Pods-pokedex3.release.xcconfig */,
			);
			name = Pods;
			sourceTree = "<group>";
		};
		E51E6D661F54AE67001BB43D /* View */ = {
			isa = PBXGroup;
			children = (
				E51E6D671F54AE90001BB43D /* PokeCell.swift */,
			);
			path = View;
			sourceTree = "<group>";
		};
		E595E4FD1F509EA300932A84 /* Model */ = {
			isa = PBXGroup;
			children = (
				E595E4FE1F509EBE00932A84 /* Pokemon.swift */,
			);
			path = Model;
			sourceTree = "<group>";
		};
		E5F3D5F11F5098900084D0D6 = {
			isa = PBXGroup;
			children = (
				E5F3D5FC1F5098900084D0D6 /* pokedex3 */,
				E5F3D6111F5098900084D0D6 /* pokedex3Tests */,
				E5F3D61C1F5098900084D0D6 /* pokedex3UITests */,
				E5F3D5FB1F5098900084D0D6 /* Products */,
				E09ECDC6EDC0A06ADCC36DA3 /* Pods */,
				D81E64C6F58347AFD6CCA236 /* Frameworks */,
			);
			sourceTree = "<group>";
		};
		E5F3D5FB1F5098900084D0D6 /* Products */ = {
			isa = PBXGroup;
			children = (
				E5F3D5FA1F5098900084D0D6 /* pokedex3.app */,
				E5F3D60E1F5098900084D0D6 /* pokedex3Tests.xctest */,
				E5F3D6191F5098900084D0D6 /* pokedex3UITests.xctest */,
			);
			name = Products;
			sourceTree = "<group>";
		};
		E5F3D5FC1F5098900084D0D6 /* pokedex3 */ = {
			isa = PBXGroup;
			children = (
				E595E4FD1F509EA300932A84 /* Model */,
				E51E6D661F54AE67001BB43D /* View */,
				E5FDC86F1F5C7BE200EDE082 /* Controller */,
				E5FDC8701F5C7BEE00EDE082 /* Resources */,
				E5FDC8711F5C7BF600EDE082 /* Util */,
				E5F3D5FD1F5098900084D0D6 /* AppDelegate.swift */,
				E5F3D6041F5098900084D0D6 /* Assets.xcassets */,
				E5F3D6061F5098900084D0D6 /* LaunchScreen.storyboard */,
				E5EB0E9A1F5C8CB700B1E23D /* Main.storyboard */,
				E5F3D6091F5098900084D0D6 /* Info.plist */,
			);
			path = pokedex3;
			sourceTree = "<group>";
		};
		E5F3D6111F5098900084D0D6 /* pokedex3Tests */ = {
			isa = PBXGroup;
			children = (
				E5F3D6121F5098900084D0D6 /* pokedex3Tests.swift */,
				E5F3D6141F5098900084D0D6 /* Info.plist */,
			);
			path = pokedex3Tests;
			sourceTree = "<group>";
		};
		E5F3D61C1F5098900084D0D6 /* pokedex3UITests */ = {
			isa = PBXGroup;
			children = (
				E5F3D61D1F5098900084D0D6 /* pokedex3UITests.swift */,
				E5F3D61F1F5098900084D0D6 /* Info.plist */,
			);
			path = pokedex3UITests;
			sourceTree = "<group>";
		};
		E5FDC86F1F5C7BE200EDE082 /* Controller */ = {
			isa = PBXGroup;
			children = (
				E5F3D5FF1F5098900084D0D6 /* ViewController.swift */,
				E53E79CB1F630774003FB0E5 /* PokemonDetailVC.swift */,
			);
			path = Controller;
			sourceTree = "<group>";
		};
		E5FDC8701F5C7BEE00EDE082 /* Resources */ = {
			isa = PBXGroup;
			children = (
				E595E4FB1F509CDE00932A84 /* pokemon.csv */,
				E5FDC8721F5C7CAC00EDE082 /* pokemon.ttf */,
				E5FDC86B1F5C7B2300EDE082 /* music.mp3 */,
				E5FDC86D1F5C7B4700EDE082 /* music.png */,
			);
			path = Resources;
			sourceTree = "<group>";
		};
		E5FDC8711F5C7BF600EDE082 /* Util */ = {
			isa = PBXGroup;
			children = (
			);
			path = Util;
			sourceTree = "<group>";
		};
/* End PBXGroup section */

/* Begin PBXNativeTarget section */
		E5F3D5F91F5098900084D0D6 /* pokedex3 */ = {
			isa = PBXNativeTarget;
			buildConfigurationList = E5F3D6221F5098900084D0D6 /* Build configuration list for PBXNativeTarget "pokedex3" */;
			buildPhases = (
				39561678519AB9E13B08A0BB /* [CP] Check Pods Manifest.lock */,
				E5F3D5F61F5098900084D0D6 /* Sources */,
				E5F3D5F71F5098900084D0D6 /* Frameworks */,
				E5F3D5F81F5098900084D0D6 /* Resources */,
				86F3FA713C8758002D089353 /* [CP] Embed Pods Frameworks */,
				41BEF058D223117E31F9C44E /* [CP] Copy Pods Resources */,
			);
			buildRules = (
			);
			dependencies = (
			);
			name = pokedex3;
			productName = pokedex3;
			productReference = E5F3D5FA1F5098900084D0D6 /* pokedex3.app */;
			productType = "com.apple.product-type.application";
		};
		E5F3D60D1F5098900084D0D6 /* pokedex3Tests */ = {
			isa = PBXNativeTarget;
			buildConfigurationList = E5F3D6251F5098900084D0D6 /* Build configuration list for PBXNativeTarget "pokedex3Tests" */;
			buildPhases = (
				E5F3D60A1F5098900084D0D6 /* Sources */,
				E5F3D60B1F5098900084D0D6 /* Frameworks */,
				E5F3D60C1F5098900084D0D6 /* Resources */,
			);
			buildRules = (
			);
			dependencies = (
				E5F3D6101F5098900084D0D6 /* PBXTargetDependency */,
			);
			name = pokedex3Tests;
			productName = pokedex3Tests;
			productReference = E5F3D60E1F5098900084D0D6 /* pokedex3Tests.xctest */;
			productType = "com.apple.product-type.bundle.unit-test";
		};
		E5F3D6181F5098900084D0D6 /* pokedex3UITests */ = {
			isa = PBXNativeTarget;
			buildConfigurationList = E5F3D6281F5098900084D0D6 /* Build configuration list for PBXNativeTarget "pokedex3UITests" */;
			buildPhases = (
				E5F3D6151F5098900084D0D6 /* Sources */,
				E5F3D6161F5098900084D0D6 /* Frameworks */,
				E5F3D6171F5098900084D0D6 /* Resources */,
			);
			buildRules = (
			);
			dependencies = (
				E5F3D61B1F5098900084D0D6 /* PBXTargetDependency */,
			);
			name = pokedex3UITests;
			productName = pokedex3UITests;
			productReference = E5F3D6191F5098900084D0D6 /* pokedex3UITests.xctest */;
			productType = "com.apple.product-type.bundle.ui-testing";
		};
/* End PBXNativeTarget section */

/* Begin PBXProject section */
		E5F3D5F21F5098900084D0D6 /* Project object */ = {
			isa = PBXProject;
			attributes = {
				LastSwiftUpdateCheck = 0900;
				LastUpgradeCheck = 0900;
				ORGANIZATIONNAME = "WEN LING PAN";
				TargetAttributes = {
					E5F3D5F91F5098900084D0D6 = {
						CreatedOnToolsVersion = 9.0;
					};
					E5F3D60D1F5098900084D0D6 = {
						CreatedOnToolsVersion = 9.0;
						TestTargetID = E5F3D5F91F5098900084D0D6;
					};
					E5F3D6181F5098900084D0D6 = {
						CreatedOnToolsVersion = 9.0;
						TestTargetID = E5F3D5F91F5098900084D0D6;
					};
				};
			};
			buildConfigurationList = E5F3D5F51F5098900084D0D6 /* Build configuration list for PBXProject "pokedex3" */;
			compatibilityVersion = "Xcode 8.0";
			developmentRegion = en;
			hasScannedForEncodings = 0;
			knownRegions = (
				en,
				Base,
			);
			mainGroup = E5F3D5F11F5098900084D0D6;
			productRefGroup = E5F3D5FB1F5098900084D0D6 /* Products */;
			projectDirPath = "";
			projectRoot = "";
			targets = (
				E5F3D5F91F5098900084D0D6 /* pokedex3 */,
				E5F3D60D1F5098900084D0D6 /* pokedex3Tests */,
				E5F3D6181F5098900084D0D6 /* pokedex3UITests */,
			);
		};
/* End PBXProject section */

/* Begin PBXResourcesBuildPhase section */
		E5F3D5F81F5098900084D0D6 /* Resources */ = {
			isa = PBXResourcesBuildPhase;
			buildActionMask = 2147483647;
			files = (
				E5EB0E9C1F5C8F2200B1E23D /* Main.storyboard in Resources */,
				E5F3D6081F5098900084D0D6 /* LaunchScreen.storyboard in Resources */,
				E5FDC86C1F5C7B2300EDE082 /* music.mp3 in Resources */,
				E5F3D6051F5098900084D0D6 /* Assets.xcassets in Resources */,
				E595E4FC1F509CDE00932A84 /* pokemon.csv in Resources */,
				E5FDC8731F5C7CAC00EDE082 /* pokemon.ttf in Resources */,
				E5FDC86E1F5C7B4700EDE082 /* music.png in Resources */,
			);
			runOnlyForDeploymentPostprocessing = 0;
		};
		E5F3D60C1F5098900084D0D6 /* Resources */ = {
			isa = PBXResourcesBuildPhase;
			buildActionMask = 2147483647;
			files = (
			);
			runOnlyForDeploymentPostprocessing = 0;
		};
		E5F3D6171F5098900084D0D6 /* Resources */ = {
			isa = PBXResourcesBuildPhase;
			buildActionMask = 2147483647;
			files = (
			);
			runOnlyForDeploymentPostprocessing = 0;
		};
/* End PBXResourcesBuildPhase section */

/* Begin PBXShellScriptBuildPhase section */
		39561678519AB9E13B08A0BB /* [CP] Check Pods Manifest.lock */ = {
			isa = PBXShellScriptBuildPhase;
			buildActionMask = 2147483647;
			files = (
			);
			inputPaths = (
				"${PODS_PODFILE_DIR_PATH}/Podfile.lock",
				"${PODS_ROOT}/Manifest.lock",
			);
			name = "[CP] Check Pods Manifest.lock";
			outputPaths = (
				"$(DERIVED_FILE_DIR)/Pods-pokedex3-checkManifestLockResult.txt",
			);
			runOnlyForDeploymentPostprocessing = 0;
			shellPath = /bin/sh;
			shellScript = "diff \"${PODS_PODFILE_DIR_PATH}/Podfile.lock\" \"${PODS_ROOT}/Manifest.lock\" > /dev/null\nif [ $? != 0 ] ; then\n    # print error to STDERR\n    echo \"error: The sandbox is not in sync with the Podfile.lock. Run 'pod install' or update your CocoaPods installation.\" >&2\n    exit 1\nfi\n# This output is used by Xcode 'outputs' to avoid re-running this script phase.\necho \"SUCCESS\" > \"${SCRIPT_OUTPUT_FILE_0}\"\n";
			showEnvVarsInLog = 0;
		};
		41BEF058D223117E31F9C44E /* [CP] Copy Pods Resources */ = {
			isa = PBXShellScriptBuildPhase;
			buildActionMask = 2147483647;
			files = (
			);
			inputPaths = (
			);
			name = "[CP] Copy Pods Resources";
			outputPaths = (
			);
			runOnlyForDeploymentPostprocessing = 0;
			shellPath = /bin/sh;
			shellScript = "\"${SRCROOT}/Pods/Target Support Files/Pods-pokedex3/Pods-pokedex3-resources.sh\"\n";
			showEnvVarsInLog = 0;
		};
		86F3FA713C8758002D089353 /* [CP] Embed Pods Frameworks */ = {
			isa = PBXShellScriptBuildPhase;
			buildActionMask = 2147483647;
			files = (
			);
			inputPaths = (
				"${SRCROOT}/Pods/Target Support Files/Pods-pokedex3/Pods-pokedex3-frameworks.sh",
				"${BUILT_PRODUCTS_DIR}/Alamofire/Alamofire.framework",
			);
			name = "[CP] Embed Pods Frameworks";
			outputPaths = (
				"${TARGET_BUILD_DIR}/${FRAMEWORKS_FOLDER_PATH}/Alamofire.framework",
			);
			runOnlyForDeploymentPostprocessing = 0;
			shellPath = /bin/sh;
			shellScript = "\"${SRCROOT}/Pods/Target Support Files/Pods-pokedex3/Pods-pokedex3-frameworks.sh\"\n";
			showEnvVarsInLog = 0;
		};
/* End PBXShellScriptBuildPhase section */

/* Begin PBXSourcesBuildPhase section */
		E5F3D5F61F5098900084D0D6 /* Sources */ = {
			isa = PBXSourcesBuildPhase;
			buildActionMask = 2147483647;
			files = (
				E51E6D681F54AE90001BB43D /* PokeCell.swift in Sources */,
				E5F3D6001F5098900084D0D6 /* ViewController.swift in Sources */,
				E5F3D5FE1F5098900084D0D6 /* AppDelegate.swift in Sources */,
				E53E79CC1F630774003FB0E5 /* PokemonDetailVC.swift in Sources */,
				E595E4FF1F509EBE00932A84 /* Pokemon.swift in Sources */,
			);
			runOnlyForDeploymentPostprocessing = 0;
		};
		E5F3D60A1F5098900084D0D6 /* Sources */ = {
			isa = PBXSourcesBuildPhase;
			buildActionMask = 2147483647;
			files = (
				E5F3D6131F5098900084D0D6 /* pokedex3Tests.swift in Sources */,
			);
			runOnlyForDeploymentPostprocessing = 0;
		};
		E5F3D6151F5098900084D0D6 /* Sources */ = {
			isa = PBXSourcesBuildPhase;
			buildActionMask = 2147483647;
			files = (
				E5F3D61E1F5098900084D0D6 /* pokedex3UITests.swift in Sources */,
			);
			runOnlyForDeploymentPostprocessing = 0;
		};
/* End PBXSourcesBuildPhase section */

/* Begin PBXTargetDependency section */
		E5F3D6101F5098900084D0D6 /* PBXTargetDependency */ = {
			isa = PBXTargetDependency;
			target = E5F3D5F91F5098900084D0D6 /* pokedex3 */;
			targetProxy = E5F3D60F1F5098900084D0D6 /* PBXContainerItemProxy */;
		};
		E5F3D61B1F5098900084D0D6 /* PBXTargetDependency */ = {
			isa = PBXTargetDependency;
			target = E5F3D5F91F5098900084D0D6 /* pokedex3 */;
			targetProxy = E5F3D61A1F5098900084D0D6 /* PBXContainerItemProxy */;
		};
/* End PBXTargetDependency section */

/* Begin PBXVariantGroup section */
		E5EB0E9A1F5C8CB700B1E23D /* Main.storyboard */ = {
			isa = PBXVariantGroup;
			children = (
				E5EB0E9B1F5C8CB700B1E23D /* Base */,
			);
			name = Main.storyboard;
			sourceTree = "<group>";
		};
		E5F3D6061F5098900084D0D6 /* LaunchScreen.storyboard */ = {
			isa = PBXVariantGroup;
			children = (
				E5F3D6071F5098900084D0D6 /* Base */,
			);
			name = LaunchScreen.storyboard;
			sourceTree = "<group>";
		};
/* End PBXVariantGroup section */

/* Begin XCBuildConfiguration section */
		E5F3D6201F5098900084D0D6 /* Debug */ = {
			isa = XCBuildConfiguration;
			buildSettings = {
				ALWAYS_SEARCH_USER_PATHS = NO;
				CLANG_ANALYZER_NONNULL = YES;
				CLANG_ANALYZER_NUMBER_OBJECT_CONVERSION = YES_AGGRESSIVE;
				CLANG_CXX_LANGUAGE_STANDARD = "gnu++14";
				CLANG_CXX_LIBRARY = "libc++";
				CLANG_ENABLE_MODULES = YES;
				CLANG_ENABLE_OBJC_ARC = YES;
				CLANG_WARN_BLOCK_CAPTURE_AUTORELEASING = YES;
				CLANG_WARN_BOOL_CONVERSION = YES;
				CLANG_WARN_COMMA = YES;
				CLANG_WARN_CONSTANT_CONVERSION = YES;
				CLANG_WARN_DIRECT_OBJC_ISA_USAGE = YES_ERROR;
				CLANG_WARN_DOCUMENTATION_COMMENTS = YES;
				CLANG_WARN_EMPTY_BODY = YES;
				CLANG_WARN_ENUM_CONVERSION = YES;
				CLANG_WARN_INFINITE_RECURSION = YES;
				CLANG_WARN_INT_CONVERSION = YES;
				CLANG_WARN_NON_LITERAL_NULL_CONVERSION = YES;
				CLANG_WARN_OBJC_LITERAL_CONVERSION = YES;
				CLANG_WARN_OBJC_ROOT_CLASS = YES_ERROR;
				CLANG_WARN_RANGE_LOOP_ANALYSIS = YES;
				CLANG_WARN_STRICT_PROTOTYPES = YES;
				CLANG_WARN_SUSPICIOUS_MOVE = YES;
				CLANG_WARN_UNGUARDED_AVAILABILITY = YES_AGGRESSIVE;
				CLANG_WARN_UNREACHABLE_CODE = YES;
				CLANG_WARN__DUPLICATE_METHOD_MATCH = YES;
				CODE_SIGN_IDENTITY = "iPhone Developer";
				COPY_PHASE_STRIP = NO;
				DEBUG_INFORMATION_FORMAT = dwarf;
				ENABLE_STRICT_OBJC_MSGSEND = YES;
				ENABLE_TESTABILITY = YES;
				GCC_C_LANGUAGE_STANDARD = gnu11;
				GCC_DYNAMIC_NO_PIC = NO;
				GCC_NO_COMMON_BLOCKS = YES;
				GCC_OPTIMIZATION_LEVEL = 0;
				GCC_PREPROCESSOR_DEFINITIONS = (
					"DEBUG=1",
					"$(inherited)",
				);
				GCC_WARN_64_TO_32_BIT_CONVERSION = YES;
				GCC_WARN_ABOUT_RETURN_TYPE = YES_ERROR;
				GCC_WARN_UNDECLARED_SELECTOR = YES;
				GCC_WARN_UNINITIALIZED_AUTOS = YES_AGGRESSIVE;
				GCC_WARN_UNUSED_FUNCTION = YES;
				GCC_WARN_UNUSED_VARIABLE = YES;
				IPHONEOS_DEPLOYMENT_TARGET = 11.0;
				MTL_ENABLE_DEBUG_INFO = YES;
				ONLY_ACTIVE_ARCH = YES;
				SDKROOT = iphoneos;
				SWIFT_ACTIVE_COMPILATION_CONDITIONS = DEBUG;
				SWIFT_OPTIMIZATION_LEVEL = "-Onone";
			};
			name = Debug;
		};
		E5F3D6211F5098900084D0D6 /* Release */ = {
			isa = XCBuildConfiguration;
			buildSettings = {
				ALWAYS_SEARCH_USER_PATHS = NO;
				CLANG_ANALYZER_NONNULL = YES;
				CLANG_ANALYZER_NUMBER_OBJECT_CONVERSION = YES_AGGRESSIVE;
				CLANG_CXX_LANGUAGE_STANDARD = "gnu++14";
				CLANG_CXX_LIBRARY = "libc++";
				CLANG_ENABLE_MODULES = YES;
				CLANG_ENABLE_OBJC_ARC = YES;
				CLANG_WARN_BLOCK_CAPTURE_AUTORELEASING = YES;
				CLANG_WARN_BOOL_CONVERSION = YES;
				CLANG_WARN_COMMA = YES;
				CLANG_WARN_CONSTANT_CONVERSION = YES;
				CLANG_WARN_DIRECT_OBJC_ISA_USAGE = YES_ERROR;
				CLANG_WARN_DOCUMENTATION_COMMENTS = YES;
				CLANG_WARN_EMPTY_BODY = YES;
				CLANG_WARN_ENUM_CONVERSION = YES;
				CLANG_WARN_INFINITE_RECURSION = YES;
				CLANG_WARN_INT_CONVERSION = YES;
				CLANG_WARN_NON_LITERAL_NULL_CONVERSION = YES;
				CLANG_WARN_OBJC_LITERAL_CONVERSION = YES;
				CLANG_WARN_OBJC_ROOT_CLASS = YES_ERROR;
				CLANG_WARN_RANGE_LOOP_ANALYSIS = YES;
				CLANG_WARN_STRICT_PROTOTYPES = YES;
				CLANG_WARN_SUSPICIOUS_MOVE = YES;
				CLANG_WARN_UNGUARDED_AVAILABILITY = YES_AGGRESSIVE;
				CLANG_WARN_UNREACHABLE_CODE = YES;
				CLANG_WARN__DUPLICATE_METHOD_MATCH = YES;
				CODE_SIGN_IDENTITY = "iPhone Developer";
				COPY_PHASE_STRIP = NO;
				DEBUG_INFORMATION_FORMAT = "dwarf-with-dsym";
				ENABLE_NS_ASSERTIONS = NO;
				ENABLE_STRICT_OBJC_MSGSEND = YES;
				GCC_C_LANGUAGE_STANDARD = gnu11;
				GCC_NO_COMMON_BLOCKS = YES;
				GCC_WARN_64_TO_32_BIT_CONVERSION = YES;
				GCC_WARN_ABOUT_RETURN_TYPE = YES_ERROR;
				GCC_WARN_UNDECLARED_SELECTOR = YES;
				GCC_WARN_UNINITIALIZED_AUTOS = YES_AGGRESSIVE;
				GCC_WARN_UNUSED_FUNCTION = YES;
				GCC_WARN_UNUSED_VARIABLE = YES;
				IPHONEOS_DEPLOYMENT_TARGET = 11.0;
				MTL_ENABLE_DEBUG_INFO = NO;
				SDKROOT = iphoneos;
				SWIFT_OPTIMIZATION_LEVEL = "-Owholemodule";
				VALIDATE_PRODUCT = YES;
			};
			name = Release;
		};
		E5F3D6231F5098900084D0D6 /* Debug */ = {
			isa = XCBuildConfiguration;
			baseConfigurationReference = CB635289152946ED75285961 /* Pods-pokedex3.debug.xcconfig */;
			buildSettings = {
				ASSETCATALOG_COMPILER_APPICON_NAME = AppIcon;
				INFOPLIST_FILE = pokedex3/Info.plist;
				LD_RUNPATH_SEARCH_PATHS = "$(inherited) @executable_path/Frameworks";
				PRODUCT_BUNDLE_IDENTIFIER = "Noah-s-little-creativiry.pokedex3";
				PRODUCT_NAME = "$(TARGET_NAME)";
				SWIFT_VERSION = 4.0;
				TARGETED_DEVICE_FAMILY = "1,2";
			};
			name = Debug;
		};
		E5F3D6241F5098900084D0D6 /* Release */ = {
			isa = XCBuildConfiguration;
			baseConfigurationReference = C95EDA30B6A487FECF33D802 /* Pods-pokedex3.release.xcconfig */;
			buildSettings = {
				ASSETCATALOG_COMPILER_APPICON_NAME = AppIcon;
				INFOPLIST_FILE = pokedex3/Info.plist;
				LD_RUNPATH_SEARCH_PATHS = "$(inherited) @executable_path/Frameworks";
				PRODUCT_BUNDLE_IDENTIFIER = "Noah-s-little-creativiry.pokedex3";
				PRODUCT_NAME = "$(TARGET_NAME)";
				SWIFT_VERSION = 4.0;
				TARGETED_DEVICE_FAMILY = "1,2";
			};
			name = Release;
		};
		E5F3D6261F5098900084D0D6 /* Debug */ = {
			isa = XCBuildConfiguration;
			buildSettings = {
				ALWAYS_EMBED_SWIFT_STANDARD_LIBRARIES = YES;
				BUNDLE_LOADER = "$(TEST_HOST)";
				INFOPLIST_FILE = pokedex3Tests/Info.plist;
				LD_RUNPATH_SEARCH_PATHS = "$(inherited) @executable_path/Frameworks @loader_path/Frameworks";
				PRODUCT_BUNDLE_IDENTIFIER = "Noah-s-little-creativiry.pokedex3Tests";
				PRODUCT_NAME = "$(TARGET_NAME)";
				SWIFT_VERSION = 4.0;
				TARGETED_DEVICE_FAMILY = "1,2";
				TEST_HOST = "$(BUILT_PRODUCTS_DIR)/pokedex3.app/pokedex3";
			};
			name = Debug;
		};
		E5F3D6271F5098900084D0D6 /* Release */ = {
			isa = XCBuildConfiguration;
			buildSettings = {
				ALWAYS_EMBED_SWIFT_STANDARD_LIBRARIES = YES;
				BUNDLE_LOADER = "$(TEST_HOST)";
				INFOPLIST_FILE = pokedex3Tests/Info.plist;
				LD_RUNPATH_SEARCH_PATHS = "$(inherited) @executable_path/Frameworks @loader_path/Frameworks";
				PRODUCT_BUNDLE_IDENTIFIER = "Noah-s-little-creativiry.pokedex3Tests";
				PRODUCT_NAME = "$(TARGET_NAME)";
				SWIFT_VERSION = 4.0;
				TARGETED_DEVICE_FAMILY = "1,2";
				TEST_HOST = "$(BUILT_PRODUCTS_DIR)/pokedex3.app/pokedex3";
			};
			name = Release;
		};
		E5F3D6291F5098900084D0D6 /* Debug */ = {
			isa = XCBuildConfiguration;
			buildSettings = {
				ALWAYS_EMBED_SWIFT_STANDARD_LIBRARIES = YES;
				INFOPLIST_FILE = pokedex3UITests/Info.plist;
				LD_RUNPATH_SEARCH_PATHS = "$(inherited) @executable_path/Frameworks @loader_path/Frameworks";
				PRODUCT_BUNDLE_IDENTIFIER = "Noah-s-little-creativiry.pokedex3UITests";
				PRODUCT_NAME = "$(TARGET_NAME)";
				SWIFT_VERSION = 4.0;
				TARGETED_DEVICE_FAMILY = "1,2";
				TEST_TARGET_NAME = pokedex3;
			};
			name = Debug;
		};
		E5F3D62A1F5098900084D0D6 /* Release */ = {
			isa = XCBuildConfiguration;
			buildSettings = {
				ALWAYS_EMBED_SWIFT_STANDARD_LIBRARIES = YES;
				INFOPLIST_FILE = pokedex3UITests/Info.plist;
				LD_RUNPATH_SEARCH_PATHS = "$(inherited) @executable_path/Frameworks @loader_path/Frameworks";
				PRODUCT_BUNDLE_IDENTIFIER = "Noah-s-little-creativiry.pokedex3UITests";
				PRODUCT_NAME = "$(TARGET_NAME)";
				SWIFT_VERSION = 4.0;
				TARGETED_DEVICE_FAMILY = "1,2";
				TEST_TARGET_NAME = pokedex3;
			};
			name = Release;
		};
/* End XCBuildConfiguration section */

/* Begin XCConfigurationList section */
		E5F3D5F51F5098900084D0D6 /* Build configuration list for PBXProject "pokedex3" */ = {
			isa = XCConfigurationList;
			buildConfigurations = (
				E5F3D6201F5098900084D0D6 /* Debug */,
				E5F3D6211F5098900084D0D6 /* Release */,
			);
			defaultConfigurationIsVisible = 0;
			defaultConfigurationName = Release;
		};
		E5F3D6221F5098900084D0D6 /* Build configuration list for PBXNativeTarget "pokedex3" */ = {
			isa = XCConfigurationList;
			buildConfigurations = (
				E5F3D6231F5098900084D0D6 /* Debug */,
				E5F3D6241F5098900084D0D6 /* Release */,
			);
			defaultConfigurationIsVisible = 0;
			defaultConfigurationName = Release;
		};
		E5F3D6251F5098900084D0D6 /* Build configuration list for PBXNativeTarget "pokedex3Tests" */ = {
			isa = XCConfigurationList;
			buildConfigurations = (
				E5F3D6261F5098900084D0D6 /* Debug */,
				E5F3D6271F5098900084D0D6 /* Release */,
			);
			defaultConfigurationIsVisible = 0;
			defaultConfigurationName = Release;
		};
		E5F3D6281F5098900084D0D6 /* Build configuration list for PBXNativeTarget "pokedex3UITests" */ = {
			isa = XCConfigurationList;
			buildConfigurations = (
				E5F3D6291F5098900084D0D6 /* Debug */,
				E5F3D62A1F5098900084D0D6 /* Release */,
			);
			defaultConfigurationIsVisible = 0;
			defaultConfigurationName = Release;
		};
/* End XCConfigurationList section */
	};
	rootObject = E5F3D5F21F5098900084D0D6 /* Project object */;
}
